{
  "version": 4,
  "terraform_version": "1.15.6",
  "serial": 7,
  "lineage": "307802ad-cfc0-bebd-dfae-6e7dc60316e8",
  "outputs": {
    "backend_url": {
      "value": "http://localhost:3001/api/projets",
      "type": "string"
    },
    "container_names": {
      "value": [
        "tf-portfolio-mongo",
        "tf-portfolio-backend",
        "tf-portfolio-frontend"
      ],
      "type": [
        "tuple",
        [
          "string",
          "string",
          "string"
        ]
      ]
    },
    "frontend_url": {
      "value": "http://localhost:3000",
      "type": "string"
    },
    "mongo_connection": {
      "value": "mongodb://localhost:27017/portfolio_db",
      "type": "string"
    },
    "network_name": {
      "value": "portfolio-terraform-network",
      "type": "string"
    }
  },
  "resources": [
    {
      "mode": "managed",
      "type": "docker_container",
      "name": "mongo",
      "provider": "provider[\"registry.terraform.io/kreuzwerker/docker\"]",
      "instances": [
        {
          "status": "tainted",
          "schema_version": 2,
          "attributes": {
            "attach": false,
            "bridge": null,
            "capabilities": [],
            "cgroup_parent": null,
            "cgroupns_mode": null,
            "command": null,
            "container_logs": null,
            "container_read_refresh_timeout_milliseconds": 15000,
            "cpu_period": null,
            "cpu_quota": null,
            "cpu_set": null,
            "cpu_shares": null,
            "cpus": null,
            "destroy_grace_seconds": null,
            "devices": [],
            "dns": null,
            "dns_opts": null,
            "dns_search": null,
            "domainname": null,
            "entrypoint": null,
            "env": [
              "MONGO_INITDB_DATABASE=portfolio_db"
            ],
            "exit_code": null,
            "gpus": null,
            "group_add": null,
            "healthcheck": [
              {
                "interval": "10s",
                "retries": 5,
                "start_interval": "0s",
                "start_period": "0s",
                "test": [
                  "CMD",
                  "mongosh",
                  "--eval",
                  "db.adminCommand('ping')"
                ],
                "timeout": "5s"
              }
            ],
            "host": [],
            "hostname": null,
            "id": "b0f88f400227e47eca9404a7f4fa13ee5d5127bf37e606f18e0022d23d5581d9",
            "image": "sha256:4b5bf3c2bb7516164f6dcb44acce4fdcb428abfe5771a1128304a0f34ab9ff7c",
            "init": null,
            "ipc_mode": null,
            "labels": [],
            "log_driver": null,
            "log_opts": null,
            "logs": false,
            "max_retry_count": null,
            "memory": null,
            "memory_reservation": 0,
            "memory_swap": null,
            "mounts": [],
            "must_run": true,
            "name": "tf-portfolio-mongo",
            "network_data": null,
            "network_mode": "bridge",
            "networks_advanced": [
              {
                "aliases": [
                  "mongo"
                ],
                "ipv4_address": "",
                "ipv6_address": "",
                "mac_address": "",
                "name": "portfolio-terraform-network"
              }
            ],
            "pid_mode": null,
            "ports": [
              {
                "external": 27017,
                "internal": 27017,
                "ip": "0.0.0.0",
                "protocol": "tcp"
              }
            ],
            "privileged": null,
            "publish_all_ports": null,
            "read_only": false,
            "remove_volumes": true,
            "restart": "unless-stopped",
            "rm": false,
            "runtime": null,
            "security_opts": [],
            "shm_size": null,
            "start": true,
            "stdin_open": false,
            "stop_signal": null,
            "stop_timeout": null,
            "storage_opts": null,
            "sysctls": null,
            "tmpfs": null,
            "tty": false,
            "ulimit": [],
            "upload": [],
            "user": null,
            "userns_mode": null,
            "volumes": [
              {
                "container_path": "/data/db",
                "from_container": "",
                "host_path": "",
                "read_only": null,
                "volume_name": "tf_mongo_data"
              }
            ],
            "wait": false,
            "wait_timeout": 60,
            "working_dir": null
          },
          "sensitive_attributes": [],
          "identity_schema_version": 0,
          "private": "eyJzY2hlbWFfdmVyc2lvbiI6IjIifQ==",
          "dependencies": [
            "docker_image.mongo",
            "docker_network.portfolio_network",
            "docker_volume.mongo_data"
          ]
        }
      ]
    },
    {
      "mode": "managed",
      "type": "docker_image",
      "name": "backend",
      "provider": "provider[\"registry.terraform.io/kreuzwerker/docker\"]",
      "instances": [
        {
          "schema_version": 0,
          "attributes": {
            "build": [],
            "force_remove": null,
            "id": "sha256:c99c1bb99677b755330c26ec0808369f9d305312ce07940858f59aa4b49604b3ibraahiimm/portfolio-backend:latest",
            "image_id": "sha256:c99c1bb99677b755330c26ec0808369f9d305312ce07940858f59aa4b49604b3",
            "keep_locally": null,
            "name": "ibraahiimm/portfolio-backend:latest",
            "platform": null,
            "pull_triggers": null,
            "repo_digest": "ibraahiimm/portfolio-backend@sha256:c99c1bb99677b755330c26ec0808369f9d305312ce07940858f59aa4b49604b3",
            "timeouts": null,
            "triggers": null
          },
          "sensitive_attributes": [],
          "identity_schema_version": 0,
          "private": "eyJlMmJmYjczMC1lY2FhLTExZTYtOGY4OC0zNDM2M2JjN2M0YzAiOnsiY3JlYXRlIjoxMjAwMDAwMDAwMDAwLCJkZWxldGUiOjEyMDAwMDAwMDAwMDAsInVwZGF0ZSI6MTIwMDAwMDAwMDAwMH19"
        }
      ]
    },
    {
      "mode": "managed",
      "type": "docker_image",
      "name": "frontend",
      "provider": "provider[\"registry.terraform.io/kreuzwerker/docker\"]",
      "instances": [
        {
          "schema_version": 0,
          "attributes": {
            "build": [],
            "force_remove": null,
            "id": "sha256:43adbc10038d2781637d5cebfd3aaf34ec903c6b7fd470360aceb864c2767070ibraahiimm/portfolio-frontend:latest",
            "image_id": "sha256:43adbc10038d2781637d5cebfd3aaf34ec903c6b7fd470360aceb864c2767070",
            "keep_locally": null,
            "name": "ibraahiimm/portfolio-frontend:latest",
            "platform": null,
            "pull_triggers": null,
            "repo_digest": "ibraahiimm/portfolio-frontend@sha256:43adbc10038d2781637d5cebfd3aaf34ec903c6b7fd470360aceb864c2767070",
            "timeouts": null,
            "triggers": null
          },
          "sensitive_attributes": [],
          "identity_schema_version": 0,
          "private": "eyJlMmJmYjczMC1lY2FhLTExZTYtOGY4OC0zNDM2M2JjN2M0YzAiOnsiY3JlYXRlIjoxMjAwMDAwMDAwMDAwLCJkZWxldGUiOjEyMDAwMDAwMDAwMDAsInVwZGF0ZSI6MTIwMDAwMDAwMDAwMH19"
        }
      ]
    },
    {
      "mode": "managed",
      "type": "docker_image",
      "name": "mongo",
      "provider": "provider[\"registry.terraform.io/kreuzwerker/docker\"]",
      "instances": [
        {
          "schema_version": 0,
          "attributes": {
            "build": [],
            "force_remove": null,
            "id": "sha256:4b5bf3c2bb7516164f6dcb44acce4fdcb428abfe5771a1128304a0f34ab9ff7cmongo:7",
            "image_id": "sha256:4b5bf3c2bb7516164f6dcb44acce4fdcb428abfe5771a1128304a0f34ab9ff7c",
            "keep_locally": null,
            "name": "mongo:7",
            "platform": null,
            "pull_triggers": null,
            "repo_digest": "mongo@sha256:4b5bf3c2bb7516164f6dcb44acce4fdcb428abfe5771a1128304a0f34ab9ff7c",
            "timeouts": null,
            "triggers": null
          },
          "sensitive_attributes": [],
          "identity_schema_version": 0,
          "private": "eyJlMmJmYjczMC1lY2FhLTExZTYtOGY4OC0zNDM2M2JjN2M0YzAiOnsiY3JlYXRlIjoxMjAwMDAwMDAwMDAwLCJkZWxldGUiOjEyMDAwMDAwMDAwMDAsInVwZGF0ZSI6MTIwMDAwMDAwMDAwMH19"
        }
      ]
    },
    {
      "mode": "managed",
      "type": "docker_network",
      "name": "portfolio_network",
      "provider": "provider[\"registry.terraform.io/kreuzwerker/docker\"]",
      "instances": [
        {
          "schema_version": 1,
          "attributes": {
            "attachable": false,
            "check_duplicate": null,
            "driver": "bridge",
            "id": "99b31e8d773233ab09c3094b3848814a8c1d727b27f8d68fbb1cbe2966d5a0fd",
            "ingress": false,
            "internal": false,
            "ipam_config": [
              {
                "aux_address": {},
                "gateway": "172.28.0.1",
                "ip_range": "",
                "subnet": "172.28.0.0/16"
              }
            ],
            "ipam_driver": "default",
            "ipam_options": null,
            "ipv6": false,
            "labels": [],
            "name": "portfolio-terraform-network",
            "options": {
              "com.docker.network.enable_ipv4": "true",
              "com.docker.network.enable_ipv6": "false"
            },
            "scope": "local"
          },
          "sensitive_attributes": [],
          "identity_schema_version": 0,
          "private": "eyJzY2hlbWFfdmVyc2lvbiI6IjEifQ=="
        }
      ]
    },
    {
      "mode": "managed",
      "type": "docker_volume",
      "name": "mongo_data",
      "provider": "provider[\"registry.terraform.io/kreuzwerker/docker\"]",
      "instances": [
        {
          "schema_version": 1,
          "attributes": {
            "cluster": [],
            "driver": "local",
            "driver_opts": null,
            "id": "tf_mongo_data",
            "labels": [],
            "mountpoint": "/var/lib/docker/volumes/tf_mongo_data/_data",
            "name": "tf_mongo_data"
          },
          "sensitive_attributes": [],
          "identity_schema_version": 0,
          "private": "eyJzY2hlbWFfdmVyc2lvbiI6IjEifQ=="
        }
      ]
    },
    {
      "mode": "managed",
      "type": "docker_volume",
      "name": "uploads_data",
      "provider": "provider[\"registry.terraform.io/kreuzwerker/docker\"]",
      "instances": [
        {
          "schema_version": 1,
          "attributes": {
            "cluster": [],
            "driver": "local",
            "driver_opts": null,
            "id": "tf_uploads_data",
            "labels": [],
            "mountpoint": "/var/lib/docker/volumes/tf_uploads_data/_data",
            "name": "tf_uploads_data"
          },
          "sensitive_attributes": [],
          "identity_schema_version": 0,
          "private": "eyJzY2hlbWFfdmVyc2lvbiI6IjEifQ=="
        }
      ]
    }
  ],
  "check_results": null
}
